<?xml version="1.0" encoding="utf-8"?>
<Project ToolsVersion="4.0" xmlns="http://schemas.microsoft.com/developer/msbuild/2003">
  <ItemGroup>
    <Filter Include="Source Files">
      <UniqueIdentifier>{4FC737F1-C7A5-4376-A066-2A32D752A2FF}</UniqueIdentifier>
      <Extensions>cpp;c;cc;cxx;def;odl;idl;hpj;bat;asm;asmx</Extensions>
    </Filter>
    <Filter Include="Header Files">
      <UniqueIdentifier>{93995380-89BD-4b04-88EB-625FBE52EBFB}</UniqueIdentifier>
      <Extensions>h;hh;hpp;hxx;hm;inl;inc;xsd</Extensions>
    </Filter>
    <Filter Include="Resource Files">
      <UniqueIdentifier>{67DA6AB6-F800-4c08-8B7A-83BB121AAD01}</UniqueIdentifier>
      <Extensions>rc;ico;cur;bmp;dlg;rc2;rct;bin;rgs;gif;jpg;jpeg;jpe;resx;tiff;tif;png;wav</Extensions>
    </Filter>
  </ItemGroup>
  <ItemGroup>
    <ClCompile Include="tdtimer-posix.c">
      <Filter>Source Files</Filter>
    </ClCompile>
    <ClCompile Include="tdtimer-win32.c">
      <Filter>Source Files</Filter>
    </ClCompile>
    <ClCompile Include="tdhid-win32.c">
      <Filter>Source Files</Filter>
    </ClCompile>
    <ClCompile Include="tdhid-libusb.c">
      <Filter>Source Files</Filter>
    </ClCompile>
    <ClCompile Include="device_types.c">
      <Filter>Source Files</Filter>
    </ClCompile>
    <ClCompile Include="devices\tdfa30608.c">
      <Filter>Source Files</Filter>
    </ClCompile>
    <ClCompile Include="devices\iwt120.c">
      <Filter>Source Files</Filter>
    </ClCompile>
    <ClCompile Include="devices\iws660.c">
      <Filter>Source Files</Filter>
    </ClCompile>
    <ClCompile Include="td-usb.c">
      <Filter>Source Files</Filter>
    </ClCompile>
    <ClCompile Include="tdthread-win32.c">
      <Filter>Source Files</Filter>
    </ClCompile>
  </ItemGroup>
  <ItemGroup>
    <ClInclude Include="tdhid.h">
      <Filter>Header Files</Filter>
    </ClInclude>
    <ClInclude Include="tdtimer.h">
      <Filter>Header Files</Filter>
    </ClInclude>
    <ClInclude Include="td-usb.h">
      <Filter>Header Files</Filter>
    </ClInclude>
    <ClInclude Include="tdthread.h">
      <Filter>Header Files</Filter>
    </ClInclude>
  </ItemGroup>
  <ItemGroup>
    <None Include="License.txt" />
    <None Include="..\..\..\RubymineProjects\td-usb-docs\src\command.md" />
    <None Include="..\..\..\RubymineProjects\td-usb-docs\src\models.md" />
    <None Include="..\..\..\RubymineProjects\td-usb-docs\src\build.md" />
    <None Include="README_ja.md" />
    <None Include="docs\quickstart_ja.md" />
    <None Include="README.md" />
  </ItemGroup>
</Project>